schema: '2.0'
stages:
  extract:
    cmd: python extract.py
    deps:
    - path: extract.py
      hash: md5
      md5: 50454fe6910323172e3f9c89ec894d7c
      size: 580
    outs:
    - path: ../../../working/metrics/community/events.csv
      hash: md5
      md5: 4a58eb5636ef6b54ff9ce5761570b8b1
      size: 217894
  transform:
    cmd: papermill transform.ipynb ../../../working/output/community-transform.ipynb
    deps:
    - path: ../../../working/metrics/community/events.csv
      hash: md5
      md5: 4a58eb5636ef6b54ff9ce5761570b8b1
      size: 217894
    - path: transform.ipynb
      hash: md5
      md5: 4dc6524ef5c1124a043051d92e9f19ba
      size: 33628
    outs:
    - path: ../../../data/metrics/community/events.csv
      hash: md5
      md5: 2542ee40b5d858fbb73bff298837ec85
      size: 23366
  prepare:
    cmd: papermill prepare.ipynb ../../../working/output/community-prepare.ipynb
    deps:
    - path: ../../../data/metrics/community/events.csv
      hash: md5
      md5: 2542ee40b5d858fbb73bff298837ec85
      size: 23366
    - path: prepare.ipynb
      hash: md5
      md5: 19eb2fb7334d3e5cdb0212056c8e5729
      size: 2979
    outs:
    - path: ../../../docs/metrics/community/_data/by_date.csv
      hash: md5
      md5: 11ba25bec3fc60c1ad1cb318332e7e9f
      size: 455
    - path: ../../../docs/metrics/community/_data/by_ward.csv
      hash: md5
      md5: 86425f5675e79ef7fce19f00ad098e6d
      size: 472
    - path: ../../../docs/metrics/community/_data/headlines.json
      hash: md5
      md5: 7ccf0f219ce3c8c24e2454c140d7ffe6
      size: 129
