schema: '2.0'
stages:
  extract:
    cmd: python extract.py
    deps:
    - path: extract.py
      hash: md5
      md5: 50454fe6910323172e3f9c89ec894d7c
      size: 580
    outs:
    - path: ../../../working/metrics/community/events.csv
      hash: md5
      md5: 3d1c2ff1db36ff80f2cdbaca89944fc8
      size: 232300
  transform:
    cmd: papermill transform.ipynb ../../../working/output/community-transform.ipynb
    deps:
    - path: ../../../working/metrics/community/events.csv
      hash: md5
      md5: 3d1c2ff1db36ff80f2cdbaca89944fc8
      size: 232300
    - path: transform.ipynb
      hash: md5
      md5: 4dc6524ef5c1124a043051d92e9f19ba
      size: 33628
    outs:
    - path: ../../../data/metrics/community/events.csv
      hash: md5
      md5: 22367cfb3563eb684e0d5d01401450c9
      size: 24936
  prepare:
    cmd: papermill prepare.ipynb ../../../working/output/community-prepare.ipynb
    deps:
    - path: ../../../data/metrics/community/events.csv
      hash: md5
      md5: 22367cfb3563eb684e0d5d01401450c9
      size: 24936
    - path: prepare.ipynb
      hash: md5
      md5: 19eb2fb7334d3e5cdb0212056c8e5729
      size: 2979
    outs:
    - path: ../../../docs/metrics/community/_data/by_date.csv
      hash: md5
      md5: 28193f011a08aa3ceb042c6d6eaf97cc
      size: 456
    - path: ../../../docs/metrics/community/_data/by_ward.csv
      hash: md5
      md5: c65210d742e393de51147bd725a91e58
      size: 472
    - path: ../../../docs/metrics/community/_data/headlines.json
      hash: md5
      md5: 9e02201a8145dfeacd646199f948b88c
      size: 129
