schema: '2.0'
stages:
  extract:
    cmd: python extract.py
    deps:
    - path: extract.py
      hash: md5
      md5: 50454fe6910323172e3f9c89ec894d7c
      size: 580
    outs:
    - path: ../../../working/metrics/community/events.csv
      hash: md5
      md5: 9571c81fa4f0aa9a129fefb4e81c513d
      size: 272749
  transform:
    cmd: papermill transform.ipynb ../../../working/output/community-transform.ipynb
    deps:
    - path: ../../../working/metrics/community/events.csv
      hash: md5
      md5: 9571c81fa4f0aa9a129fefb4e81c513d
      size: 272749
    - path: transform.ipynb
      hash: md5
      md5: 4dc6524ef5c1124a043051d92e9f19ba
      size: 33628
    outs:
    - path: ../../../data/metrics/community/events.csv
      hash: md5
      md5: 9b1f4a2f4813aea01325be2010ea5336
      size: 27742
  prepare:
    cmd: papermill prepare.ipynb ../../../working/output/community-prepare.ipynb
    deps:
    - path: ../../../data/metrics/community/events.csv
      hash: md5
      md5: 9b1f4a2f4813aea01325be2010ea5336
      size: 27742
    - path: prepare.ipynb
      hash: md5
      md5: 19eb2fb7334d3e5cdb0212056c8e5729
      size: 2979
    outs:
    - path: ../../../docs/metrics/community/_data/by_date.csv
      hash: md5
      md5: 512b5f55e0410be8ae9876f59dc8b094
      size: 461
    - path: ../../../docs/metrics/community/_data/by_ward.csv
      hash: md5
      md5: 04d48c1ddd39f6d50f2c2511a969d971
      size: 479
    - path: ../../../docs/metrics/community/_data/headlines.json
      hash: md5
      md5: b0505d3f2a6be01c14c6d5126edbe660
      size: 129
