schema: '2.0'
stages:
  transform:
    cmd: PYTHONPATH=scripts python3 scripts/metrics/social/transform.py
    deps:
    - path: scripts/metrics/social/transform.py
      md5: 1dbc527aebffc665c2d580237aa21c23
      size: 1067
    - path: working/manual/sprout/
      md5: bc99fc7214e8d6a83384d208c4d59d43.dir
      size: 704452
      nfiles: 1
    outs:
    - path: data/metrics/social/
      md5: b324dc13cfd4b6d07c25bcf98072b09c.dir
      size: 202069
      nfiles: 4
  prepare:
    cmd: PYTHONPATH=scripts python3 scripts/metrics/social/prepare.py
    deps:
    - path: data/metrics/social/
      md5: b324dc13cfd4b6d07c25bcf98072b09c.dir
      size: 202069
      nfiles: 4
    - path: scripts/metrics/social/combine.py
      md5: f1798db219ae1e07f2d5744a9c138742
      size: 1924
    - path: scripts/metrics/social/get_stats.py
      md5: 0972b922d32eb2598695c47a51e89678
      size: 4796
    - path: scripts/metrics/social/prepare.py
      md5: 888ed934810147a49a138493e1295a2b
      size: 572
    - path: scripts/metrics/social/total.py
      md5: da76249c58618c833c3b436679ff942e
      size: 1031
    outs:
    - path: docs/_data/metrics/social_media/
      md5: d3934004e62e3c9ce2db3f185b02764c.dir
      size: 8014
      nfiles: 6
