schema: '2.0'
stages:
  transform:
    cmd: PYTHONPATH=scripts python3 scripts/metrics/social/transform.py
    deps:
    - path: scripts/metrics/social/transform.py
      md5: 1dbc527aebffc665c2d580237aa21c23
      size: 1067
    - path: working/manual/sprout/
      md5: 36c1440597c8b1e848fb06b0f18626bf.dir
      size: 791914
      nfiles: 1
    outs:
    - path: data/metrics/social/
      md5: 0b06d91239fd5683ea8b273fa7109b68.dir
      size: 228161
      nfiles: 4
  prepare:
    cmd: PYTHONPATH=scripts python3 scripts/metrics/social/prepare.py
    deps:
    - path: data/metrics/social/
      md5: 0b06d91239fd5683ea8b273fa7109b68.dir
      size: 228161
      nfiles: 4
    - path: scripts/metrics/social/combine.py
      md5: f1798db219ae1e07f2d5744a9c138742
      size: 1924
    - path: scripts/metrics/social/get_stats.py
      md5: 0972b922d32eb2598695c47a51e89678
      size: 4796
    - path: scripts/metrics/social/prepare.py
      md5: 147d5090fbbd3930bb4dbad91a916b93
      size: 574
    - path: scripts/metrics/social/total.py
      md5: 5d9bd39bcb4bf5c328557b971f3e26bf
      size: 1008
    outs:
    - path: docs/metrics/social-media/_data/
      md5: e5bfb69fa1d762eedd803503290c65b4.dir
      size: 9948
      nfiles: 6
