schema: '2.0'
stages:
  prepare@my-leeds-2023:
    cmd: papermill my-leeds-2023.ipynb ../../../../working/output/my-leeds-2023.ipynb
    deps:
    - path: ../../../../data/metrics/events/master/all.csv
      hash: md5
      md5: 2ca420ec1e0076eb7439ea8fbcec9ece
      size: 211685
    - path: ../../../../lib/util/
      hash: md5
      md5: 1716a8255a4563e6111e07666ced83f0.dir
      size: 2040
      nfiles: 2
    - path: events.py
      hash: md5
      md5: 9dd0dc11d1e4dfe48c694440b19c6825
      size: 4239
    - path: my-leeds-2023.ipynb
      hash: md5
      md5: b0a7a936a951518fb9ee7b0b41fb60de
      size: 84155
    outs:
    - path: ../../../../docs/metrics/events/my-leeds-2023/_data/events/by_month.csv
      hash: md5
      md5: 7b3c0cb36473e94aba326eef4c333d67
      size: 227
    - path: ../../../../docs/metrics/events/my-leeds-2023/_data/events/by_ward.csv
      hash: md5
      md5: 27d42b64da09d5332b0dcab82322c9a7
      size: 487
    - path: ../../../../docs/metrics/events/my-leeds-2023/_data/events/by_week.csv
      hash: md5
      md5: 3b62e728d2abe40aec21e23aa33fc8c2
      size: 637
    - path: ../../../../docs/metrics/events/my-leeds-2023/_data/events/headlines.json
      hash: md5
      md5: 4ead686c3da14535abcc8bbacf63ce46
      size: 156
  prepare@the-barn:
    cmd: papermill the-barn.ipynb ../../../../working/output/the-barn.ipynb
    deps:
    - path: ../../../../data/metrics/events/master/all.csv
      hash: md5
      md5: 2ca420ec1e0076eb7439ea8fbcec9ece
      size: 211685
    - path: ../../../../lib/util/
      hash: md5
      md5: 1716a8255a4563e6111e07666ced83f0.dir
      size: 2040
      nfiles: 2
    - path: events.py
      hash: md5
      md5: 9dd0dc11d1e4dfe48c694440b19c6825
      size: 4239
    - path: the-barn.ipynb
      hash: md5
      md5: d23ea67e7154eec4c56bbb121008c8ca
      size: 2990
    outs:
    - path: ../../../../docs/metrics/events/the-barn/_data/events/by_month.csv
      hash: md5
      md5: e06887dcda53bbcbe4b4c8b24630419b
      size: 117
    - path: ../../../../docs/metrics/events/the-barn/_data/events/by_ward.csv
      hash: md5
      md5: a93136f5d2cbe6e51468d99d0207a372
      size: 63
    - path: ../../../../docs/metrics/events/the-barn/_data/events/by_week.csv
      hash: md5
      md5: 0ea9a23fb32e3f9afc8cf4751f73f07b
      size: 164
    - path: ../../../../docs/metrics/events/the-barn/_data/events/headlines.json
      hash: md5
      md5: 8012bc6975658c857449e6b0cb415905
      size: 154
  prepare-summary:
    cmd: papermill prepare.ipynb ../../../../working/output/signature-prepare.ipynb
    deps:
    - path: ../../../../data/metrics/events/master/all.csv
      hash: md5
      md5: 2ca420ec1e0076eb7439ea8fbcec9ece
      size: 211685
    - path: ../../../../data/metrics/events/tickets/orders.csv
      hash: md5
      md5: d1fb6c2ec639a284c4e90cbf9351606d
      size: 180518
    - path: events.py
      hash: md5
      md5: 9dd0dc11d1e4dfe48c694440b19c6825
      size: 4239
    - path: prepare.ipynb
      hash: md5
      md5: 6d7463604de87c24d1d43f696d3376d5
      size: 4500
    outs:
    - path: ../../../../docs/metrics/events/signature/_data/events_by_date.csv
      hash: md5
      md5: a68154a848277996bc1cdcff3d646295
      size: 152
    - path: ../../../../docs/metrics/events/signature/_data/events_by_ward.csv
      hash: md5
      md5: 755ab4f0157e75d726df153f0b1f2de1
      size: 410
    - path: ../../../../docs/metrics/events/signature/_data/headlines.json
      hash: md5
      md5: d309d11ce0c367e919dcc18b1186d917
      size: 208
    - path: ../../../../docs/metrics/events/signature/_data/tickets_by_event_date.csv
      hash: md5
      md5: b69eaa51c4eb3f462029a48e551e043b
      size: 139
    - path: ../../../../docs/metrics/events/signature/_data/tickets_by_ward.csv
      hash: md5
      md5: d43b618ea56bdf112d13da77da94f720
      size: 3873
