schema: '2.0'
stages:
  prepare@my-leeds-2023:
    cmd: papermill my-leeds-2023.ipynb ../../../../working/output/my-leeds-2023.ipynb
    deps:
    - path: ../../../../data/metrics/events/master/all.csv
      hash: md5
      md5: 1ca0dd83f7486d88f0f37edd89437444
      size: 245329
    - path: ../../../../lib/util/
      hash: md5
      md5: 1716a8255a4563e6111e07666ced83f0.dir
      size: 2040
      nfiles: 2
    - path: events.py
      hash: md5
      md5: 9dd0dc11d1e4dfe48c694440b19c6825
      size: 4239
    - path: my-leeds-2023.ipynb
      hash: md5
      md5: b0a7a936a951518fb9ee7b0b41fb60de
      size: 84155
    outs:
    - path: ../../../../docs/metrics/events/my-leeds-2023/_data/events/by_month.csv
      hash: md5
      md5: c27e4d31888cc15387ed9d4cfc2be856
      size: 255
    - path: ../../../../docs/metrics/events/my-leeds-2023/_data/events/by_ward.csv
      hash: md5
      md5: ef1ab9b7173cf313b2dfbef70b2a9b86
      size: 610
    - path: ../../../../docs/metrics/events/my-leeds-2023/_data/events/by_week.csv
      hash: md5
      md5: 3a45f291896e61326a6dc78b2a2a4ab6
      size: 766
    - path: ../../../../docs/metrics/events/my-leeds-2023/_data/events/headlines.json
      hash: md5
      md5: 51d98cbe5a7115035833f2ba9032553c
      size: 156
  prepare@the-barn:
    cmd: papermill the-barn.ipynb ../../../../working/output/the-barn.ipynb
    deps:
    - path: ../../../../data/metrics/events/master/all.csv
      hash: md5
      md5: 1ca0dd83f7486d88f0f37edd89437444
      size: 245329
    - path: ../../../../lib/util/
      hash: md5
      md5: 1716a8255a4563e6111e07666ced83f0.dir
      size: 2040
      nfiles: 2
    - path: events.py
      hash: md5
      md5: 9dd0dc11d1e4dfe48c694440b19c6825
      size: 4239
    - path: the-barn.ipynb
      hash: md5
      md5: d23ea67e7154eec4c56bbb121008c8ca
      size: 2990
    outs:
    - path: ../../../../docs/metrics/events/the-barn/_data/events/by_month.csv
      hash: md5
      md5: e06887dcda53bbcbe4b4c8b24630419b
      size: 117
    - path: ../../../../docs/metrics/events/the-barn/_data/events/by_ward.csv
      hash: md5
      md5: a93136f5d2cbe6e51468d99d0207a372
      size: 63
    - path: ../../../../docs/metrics/events/the-barn/_data/events/by_week.csv
      hash: md5
      md5: 0ea9a23fb32e3f9afc8cf4751f73f07b
      size: 164
    - path: ../../../../docs/metrics/events/the-barn/_data/events/headlines.json
      hash: md5
      md5: 8012bc6975658c857449e6b0cb415905
      size: 154
  prepare-summary:
    cmd: papermill prepare.ipynb ../../../../working/output/signature-prepare.ipynb
    deps:
    - path: ../../../../data/metrics/events/master/all.csv
      hash: md5
      md5: 1ca0dd83f7486d88f0f37edd89437444
      size: 245329
    - path: ../../../../data/metrics/events/tickets/orders.csv
      hash: md5
      md5: 74aa0f96e00441329a48b4a96a818a50
      size: 236664
    - path: events.py
      hash: md5
      md5: 9dd0dc11d1e4dfe48c694440b19c6825
      size: 4239
    - path: prepare.ipynb
      hash: md5
      md5: 6d7463604de87c24d1d43f696d3376d5
      size: 4500
    outs:
    - path: ../../../../docs/metrics/events/signature/_data/events_by_date.csv
      hash: md5
      md5: 2ef590e315d79246f8778a145a4a8032
      size: 169
    - path: ../../../../docs/metrics/events/signature/_data/events_by_ward.csv
      hash: md5
      md5: ae61966a9c900e6ad78a3dad9e8893b5
      size: 509
    - path: ../../../../docs/metrics/events/signature/_data/headlines.json
      hash: md5
      md5: 90804845c10b8a104ea7080f7b8190e7
      size: 209
    - path: ../../../../docs/metrics/events/signature/_data/tickets_by_event_date.csv
      hash: md5
      md5: 3fbf114e07fb762aa746610cccaa392c
      size: 161
    - path: ../../../../docs/metrics/events/signature/_data/tickets_by_ward.csv
      hash: md5
      md5: 1f4b7d085cce46af5cc416593a07257c
      size: 5172
