schema: '2.0'
stages:
  prepare@my-leeds-2023:
    cmd: papermill my-leeds-2023.ipynb ../../../../working/output/my-leeds-2023.ipynb
    deps:
    - path: ../../../../data/metrics/events/master/all.csv
      hash: md5
      md5: 82a5fb602fbab7a63c9b77983e850152
      size: 353498
    - path: ../../../../lib/util/
      hash: md5
      md5: 1716a8255a4563e6111e07666ced83f0.dir
      size: 2040
      nfiles: 2
    - path: events.py
      hash: md5
      md5: 2104c6441609605673aefe91e1bcb812
      size: 5120
    - path: my-leeds-2023.ipynb
      hash: md5
      md5: 2fef04e736d5243127696c78535942c6
      size: 84198
    outs:
    - path: ../../../../docs/metrics/events/my-leeds-2023/_data/events/by_month.csv
      hash: md5
      md5: fc7f8bf7d5bcaf25ce1c4e901635a389
      size: 440
    - path: ../../../../docs/metrics/events/my-leeds-2023/_data/events/by_ward.csv
      hash: md5
      md5: 01cdcba35815f931c68cca07af7ab9c0
      size: 631
    - path: ../../../../docs/metrics/events/my-leeds-2023/_data/events/by_week.csv
      hash: md5
      md5: 3ce18a8b169e25f6d52f479624ca20d2
      size: 1494
    - path: ../../../../docs/metrics/events/my-leeds-2023/_data/events/headlines.json
      hash: md5
      md5: 6fe63996c01468d11ecbc225bda06c04
      size: 157
  prepare@the-barn:
    cmd: papermill the-barn.ipynb ../../../../working/output/the-barn.ipynb
    deps:
    - path: ../../../../data/metrics/events/master/all.csv
      hash: md5
      md5: 82a5fb602fbab7a63c9b77983e850152
      size: 353498
    - path: ../../../../lib/util/
      hash: md5
      md5: 1716a8255a4563e6111e07666ced83f0.dir
      size: 2040
      nfiles: 2
    - path: events.py
      hash: md5
      md5: 2104c6441609605673aefe91e1bcb812
      size: 5120
    - path: the-barn.ipynb
      hash: md5
      md5: 70cb43b42c0f243492ff0a0e7ff536f3
      size: 3085
    outs:
    - path: ../../../../docs/metrics/events/the-barn/_data/events/by_month.csv
      hash: md5
      md5: d0a8130709ab97fb2c57d6858a9dfd94
      size: 117
    - path: ../../../../docs/metrics/events/the-barn/_data/events/by_ward.csv
      hash: md5
      md5: f4ab378b960f74e0a3faae1beac80e22
      size: 63
    - path: ../../../../docs/metrics/events/the-barn/_data/events/by_week.csv
      hash: md5
      md5: 8895edf21e17e425d2591d85ec5e2ca1
      size: 164
    - path: ../../../../docs/metrics/events/the-barn/_data/events/headlines.json
      hash: md5
      md5: 613f161d8f763e374a90e2685af7dde3
      size: 154
  prepare-summary:
    cmd: papermill prepare.ipynb ../../../../working/output/signature-prepare.ipynb
    deps:
    - path: ../../../../data/metrics/events/master/all.csv
      hash: md5
      md5: 82a5fb602fbab7a63c9b77983e850152
      size: 353498
    - path: ../../../../data/metrics/events/tickets/orders.csv
      hash: md5
      md5: a02d33288d3c9c4178b7df8c7a16a1ba
      size: 327559
    - path: events.py
      hash: md5
      md5: 2104c6441609605673aefe91e1bcb812
      size: 5120
    - path: prepare.ipynb
      hash: md5
      md5: 56cb1ad2ce61446c1299ce109a8d4f0a
      size: 4501
    outs:
    - path: ../../../../docs/metrics/events/signature/_data/events_by_date.csv
      hash: md5
      md5: 3654d6a7321d486ccabc1bf6b56dcd34
      size: 283
    - path: ../../../../docs/metrics/events/signature/_data/events_by_ward.csv
      hash: md5
      md5: b6d642c1d01f54c2dee3cff28dda5ebf
      size: 520
    - path: ../../../../docs/metrics/events/signature/_data/headlines.json
      hash: md5
      md5: 111fc32d639f371f09c316259695f519
      size: 210
    - path: ../../../../docs/metrics/events/signature/_data/tickets_by_event_date.csv
      hash: md5
      md5: b3aafaee052d4abc251803b8fc56dce4
      size: 200
    - path: ../../../../docs/metrics/events/signature/_data/tickets_by_ward.csv
      hash: md5
      md5: 314679a531e0bc337e361f2ca3a5d69c
      size: 6581
  prepare@nest:
    cmd: papermill nest.ipynb ../../../../working/output/nest.ipynb
    deps:
    - path: ../../../../data/metrics/events/master/all.csv
      hash: md5
      md5: 82a5fb602fbab7a63c9b77983e850152
      size: 353498
    - path: ../../../../lib/util/
      hash: md5
      md5: 1716a8255a4563e6111e07666ced83f0.dir
      size: 2040
      nfiles: 2
    - path: events.py
      hash: md5
      md5: 2104c6441609605673aefe91e1bcb812
      size: 5120
    - path: nest.ipynb
      hash: md5
      md5: dae482762bb4161aaf25a4839ac06783
      size: 36228
    outs:
    - path: ../../../../docs/metrics/events/nest/_data/events/by_month.csv
      hash: md5
      md5: 5a77fd51a9647a97ca63f427b7182731
      size: 203
    - path: ../../../../docs/metrics/events/nest/_data/events/by_ward.csv
      hash: md5
      md5: 6972fa26387f05a936891cdccaf0af65
      size: 79
    - path: ../../../../docs/metrics/events/nest/_data/events/by_week.csv
      hash: md5
      md5: 7def42565549cb63bd2ff843dc600bf2
      size: 553
    - path: ../../../../docs/metrics/events/nest/_data/events/headlines.json
      hash: md5
      md5: bf8e8b248391662cc7923531b7857f3a
      size: 154
  prepare@childrens-day:
    cmd: papermill childrens-day.ipynb ../../../../working/output/childrens-day.ipynb
    deps:
    - path: ../../../../data/metrics/events/master/all.csv
      hash: md5
      md5: 82a5fb602fbab7a63c9b77983e850152
      size: 353498
    - path: ../../../../lib/util/
      hash: md5
      md5: 1716a8255a4563e6111e07666ced83f0.dir
      size: 2040
      nfiles: 2
    - path: childrens-day.ipynb
      hash: md5
      md5: 2afff21746c50105bbcd492f39f7c599
      size: 202348
    - path: events.py
      hash: md5
      md5: 2104c6441609605673aefe91e1bcb812
      size: 5120
    outs:
    - path: ../../../../docs/metrics/events/childrens-day/_data/events/by_month.csv
      hash: md5
      md5: 6596834a7d4163d96d218d7ed310a362
      size: 367
    - path: ../../../../docs/metrics/events/childrens-day/_data/events/by_ward.csv
      hash: md5
      md5: 3dd4b6dc74f439757473aa0531291089
      size: 64
    - path: ../../../../docs/metrics/events/childrens-day/_data/events/by_week.csv
      hash: md5
      md5: e607babe2f055ccbb3e2c8ae12420d8b
      size: 1264
    - path: ../../../../docs/metrics/events/childrens-day/_data/events/headlines.json
      hash: md5
      md5: b97eefaa7d181f073e93681115473195
      size: 154
  prepare@smeaton-300:
    cmd: papermill smeaton-300.ipynb ../../../../working/output/smeaton-300.ipynb
    deps:
    - path: ../../../../data/metrics/events/master/all.csv
      hash: md5
      md5: 82a5fb602fbab7a63c9b77983e850152
      size: 353498
    - path: ../../../../lib/util/
      hash: md5
      md5: 1716a8255a4563e6111e07666ced83f0.dir
      size: 2040
      nfiles: 2
    - path: events.py
      hash: md5
      md5: 2104c6441609605673aefe91e1bcb812
      size: 5120
    - path: smeaton-300.ipynb
      hash: md5
      md5: cf90f51385722ef89407ced8ffb48fa8
      size: 209467
    outs:
    - path: ../../../../docs/metrics/events/smeaton-300/_data/events/by_month.csv
      hash: md5
      md5: 09c0b6ec93c46b53708ab38da6bc3dd7
      size: 235
    - path: ../../../../docs/metrics/events/smeaton-300/_data/events/by_ward.csv
      hash: md5
      md5: 1bd8d7e250436d106d8966132c8a2d7f
      size: 322
    - path: ../../../../docs/metrics/events/smeaton-300/_data/events/by_week.csv
      hash: md5
      md5: 9d436f21102c87d8d1888168a6229a47
      size: 741
    - path: ../../../../docs/metrics/events/smeaton-300/_data/events/headlines.json
      hash: md5
      md5: 71d331fce60a47e9a6cd25aafbb751b5
      size: 155
