schema: '2.0'
stages:
  transform:
    cmd: PYTHONPATH=scripts python3 scripts/metrics/media/combine_cision.py
    deps:
    - path: scripts/metrics/media/combine_cision.py
      md5: 6ac2f07b2d5938c9d656050b90e142d0
      size: 5857
    - path: working/manual/media/
      md5: 24d7ff34b8914f4f1648a3f0caea88f9.dir
      size: 1041686
      nfiles: 20
    outs:
    - path: data/metrics/media_coverage/combined_cision.csv
      md5: 4bea929fa138fc8a61279f21533c078b
      size: 207224
  transform_historic:
    cmd: PYTHONPATH=scripts python3 scripts/metrics/media/combine_historic.py
    deps:
    - path: scripts/metrics/media/combine_historic.py
      md5: ff6c2ea8554040f3f2fc10f23b109b91
      size: 2586
    - path: working/manual/media/
      md5: 24d7ff34b8914f4f1648a3f0caea88f9.dir
      size: 1041686
      nfiles: 20
    outs:
    - path: data/metrics/media_coverage/combined_historic.csv
      md5: 2075d0be6cc9d6325fb589b3cdab43c8
      size: 66475
  prepare:
    cmd: PYTHONPATH=scripts python3 scripts/metrics/media/process.py
    deps:
    - path: data/metrics/media_coverage/combined_cision.csv
      md5: 4bea929fa138fc8a61279f21533c078b
      size: 207224
    - path: data/metrics/media_coverage/combined_historic.csv
      md5: 2075d0be6cc9d6325fb589b3cdab43c8
      size: 66475
    - path: scripts/metrics/media/process.py
      md5: 5dc725ce0b598f36235ed0d79eaf4579
      size: 3573
    outs:
    - path: docs/metrics/media_coverage/_data/medium_count.csv
      md5: a553115e8b3a085e4a476ebe228a454d
      size: 56
    - path: docs/metrics/media_coverage/_data/monthly_count.csv
      md5: f8fd5eeb8200e517bfccc24ac82ef672
      size: 689
    - path: docs/metrics/media_coverage/_data/outlet_count.csv
      md5: 7954106bde8f2ef9bfd9baedbc8f8bb4
      size: 169
