schema: '2.0'
stages:
  ref_postcodes:
    cmd: PYTHONPATH=scripts python3 scripts/reference_data/postcodes.py working/ref/onspd-extract.csv
    deps:
    - path: scripts/reference_data/postcodes.py
      md5: c82704fedeccde3cde99e5cd97793874
      size: 461
    - path: working/ref/onspd-extract.csv
      md5: b527f4a308cb738f244a53c8a164d88c
      size: 129321340
    outs:
    - path: data/reference/postcodes.csv
      md5: 7196768cdd13ac9750cf4148d19d498c
      size: 75969456
  callouts_stage:
    cmd: PYTHONPATH=scripts python3 scripts/metrics/callouts/stage.py
    deps:
    - path: scripts/metrics/callouts/stage.py
      md5: 7f5602d084d7dd8772c8250fe79e0754
      size: 687
    outs:
    - path: working/metrics/callouts/
      md5: bda73f4f2af7fffebdd88db99030ad92.dir
      size: 337
      nfiles: 1
  callouts_build:
    cmd: PYTHONPATH=scripts python3 scripts/metrics/callouts/build.py
    deps:
    - path: scripts/metrics/callouts/build.py
      md5: f0c3999b7395e8583f3ab4b9e2528a5f
      size: 414
    - path: working/metrics/callouts/
      md5: bda73f4f2af7fffebdd88db99030ad92.dir
      size: 337
      nfiles: 1
    outs:
    - path: data/metrics/callouts/
      md5: 81ef8e494d257811a7fcca352d0d6262.dir
      size: 440
      nfiles: 1
