schema: '2.0'
stages:
  extract:
    cmd: PYTHONPATH=. python3 scripts/metrics/promote-events/extract.py
    deps:
    - path: scripts/metrics/promote-events/extract.py
      hash: md5
      md5: d7958b2d10f6e285b51333a4a0cd598b
      size: 1740
    outs:
    - path: working/metrics/promote-events/
      hash: md5
      md5: bc03b9fbe5987e0c585b00b937e2bb37.dir
      size: 97045
      nfiles: 1
  transform:
    cmd: papermill transform.ipynb ../../../working/output/promote-events-transform.ipynb
    deps:
    - path: ../../../working/metrics/promote-events/
      hash: md5
      md5: bc03b9fbe5987e0c585b00b937e2bb37.dir
      size: 97045
      nfiles: 1
    - path: transform.ipynb
      hash: md5
      md5: 4079d97b5633a5a5cfe05633924cff28
      size: 1788
    outs:
    - path: ../../../data/metrics/events/promote-events/events.csv
      hash: md5
      md5: 6549ecc65615c9b6b2b0156c7b38b7fc
      size: 80113
  prepare:
    cmd: papermill prepare.ipynb ../../../working/output/promote-events-prepare.ipynb
    deps:
    - path: ../../../data/metrics/events/promote-events/events.csv
      hash: md5
      md5: 6549ecc65615c9b6b2b0156c7b38b7fc
      size: 80113
    - path: prepare.ipynb
      hash: md5
      md5: 9768f5f5f9ba893c74ac5b28d9cc4bf3
      size: 2725
    outs:
    - path: ../../../docs/metrics/events/promote/_data/by_month.csv
      hash: md5
      md5: 732128691b7499f0433059ae4aed1850
      size: 239
    - path: ../../../docs/metrics/events/promote/_data/by_week.csv
      hash: md5
      md5: c8cf146e6c78a614f26a9c153c73c4e2
      size: 737
    - path: ../../../docs/metrics/events/promote/_data/headlines.json
      hash: md5
      md5: 1b5d0f1a8bab9f9110f1f84680762185
      size: 144
