schema: '2.0'
stages:
  extract:
    cmd: PYTHONPATH=. python3 scripts/metrics/promote-events/extract.py
    deps:
    - path: scripts/metrics/promote-events/extract.py
      hash: md5
      md5: d7958b2d10f6e285b51333a4a0cd598b
      size: 1740
    outs:
    - path: working/metrics/promote-events/
      hash: md5
      md5: da48971cbf6ffcd6d34854f4816216f5.dir
      size: 18016
      nfiles: 1
  transform:
    cmd: papermill transform.ipynb ../../../working/output/promote-events-transform.ipynb
    deps:
    - path: ../../../working/metrics/promote-events/
      hash: md5
      md5: da48971cbf6ffcd6d34854f4816216f5.dir
      size: 18016
      nfiles: 1
    - path: transform.ipynb
      hash: md5
      md5: 122749314eadb0450ca7efdbacd6fc35
      size: 1795
    outs:
    - path: ../../../data/metrics/events/promote-events/events.csv
      hash: md5
      md5: 0745d17b3304d99933b8c6c2348bbed6
      size: 13611
  prepare:
    cmd: papermill prepare.ipynb ../../../working/output/promote-events-prepare.ipynb
    deps:
    - path: ../../../data/metrics/events/promote-events/events.csv
      hash: md5
      md5: 0745d17b3304d99933b8c6c2348bbed6
      size: 13611
    - path: prepare.ipynb
      hash: md5
      md5: 9768f5f5f9ba893c74ac5b28d9cc4bf3
      size: 2725
    outs:
    - path: ../../../docs/metrics/events/promote/_data/by_month.csv
      hash: md5
      md5: 081d6cdd60e4b3edf607aa90ad200b17
      size: 267
    - path: ../../../docs/metrics/events/promote/_data/by_week.csv
      hash: md5
      md5: 007bf8fdb684de72562a5a25ac0d6a74
      size: 843
    - path: ../../../docs/metrics/events/promote/_data/headlines.json
      hash: md5
      md5: 74c88a2428032394d3728139f3b74e63
      size: 144
