schema: '2.0'
stages:
  extract:
    cmd: PYTHONPATH=scripts python3 scripts/metrics/promote-events/extract.py
    deps:
    - path: scripts/metrics/promote-events/extract.py
      md5: f0e249f7904ff90158520d02c3e1b50e
      size: 939
    outs:
    - path: working/metrics/promote-events/
      md5: 0b6fdbc6dd2fb8e9e17f8dc257c65205.dir
      size: 575867
      nfiles: 1
  transform:
    cmd: PYTHONPATH=scripts python3 scripts/metrics/promote-events/transform.py
    deps:
    - path: scripts/metrics/promote-events/transform.py
      md5: 51f2ff0534c8f0d34edee94a54798779
      size: 1031
    - path: working/metrics/promote-events/
      md5: 0b6fdbc6dd2fb8e9e17f8dc257c65205.dir
      size: 575867
      nfiles: 1
    outs:
    - path: data/metrics/events/promote-events/events.csv
      md5: e462913359a789e4a9d1086e3a0425af
      size: 6766
  prepare:
    cmd: PYTHONPATH=scripts python3 scripts/metrics/promote-events/prepare.py
    deps:
    - path: data/metrics/events/promote-events/events.csv
      md5: e462913359a789e4a9d1086e3a0425af
      size: 6766
    - path: scripts/metrics/promote-events/prepare.py
      md5: 6ced81010b60056a1be4029353624c1f
      size: 641
    outs:
    - path: docs/metrics/events/promote/_data/by_month.csv
      md5: 4a3411874b3b910f1d4f2c1ac32ad653
      size: 152
    - path: docs/metrics/events/promote/_data/by_ward.csv
      md5: 76b0d054ee9bb297956a234b4eac2c7c
      size: 257
    - path: docs/metrics/events/promote/_data/headline.json
      md5: cb5f287404af2ae65c9aa20325e20067
      size: 3360
