schema: '2.0'
stages:
  transform:
    cmd: PYTHONPATH=scripts python3 scripts/metrics/fundraising/transform.py
    deps:
    - path: scripts/metrics/fundraising/transform.py
      md5: 77ad96a164895e9df8f5e6cc1aea6ab9
      size: 1066
    - path: working/manual/fundraising/data_organisation_fundraising.csv
      md5: 509c80a5f25c3f4d52aa2821539b8a05
      size: 68055
    outs:
    - path: data/metrics/fundraising/pipeline.csv
      md5: ed92206916ed97e19315605c31699a6e
      size: 8068
  prepare:
    cmd: PYTHONPATH=scripts python3 scripts/metrics/fundraising/prepare.py
    deps:
    - path: data/metrics/fundraising/pipeline.csv
      md5: ed92206916ed97e19315605c31699a6e
      size: 8068
    - path: scripts/metrics/fundraising/prepare.py
      md5: d3187f6e903e4bc0e4601bc4f152ebfc
      size: 833
    outs:
    - path: docs/_data/metrics/fundraising/count_by_sector_and_stage.csv
      md5: 380bb0ec146285205c2d3b19d29c6f91
      size: 1235
    - path: docs/_data/metrics/fundraising/count_by_stage.csv
      md5: 3468f07c9c55366d5e8acf06670890a8
      size: 63
