schema: '2.0'
stages:
  extract:
    cmd: PYTHONPATH=../../.. python extract.py
    deps:
    - path: extract.py
      hash: md5
      md5: c99b1bda82faea8c844386d9dbade84e
      size: 1328
    outs:
    - path: ../../../working/metrics/partnerships
      hash: md5
      md5: 880cb39de00fb17d62f335772340ec5d.dir
      size: 81895
      nfiles: 1
  transform:
    cmd: papermill transform.ipynb ../../../working/output/partnerships-transform.ipynb
    deps:
    - path: transform.ipynb
      hash: md5
      md5: 2691bb60971ecb0c96cc4695f0320cc1
      size: 6056
    outs:
    - path: ../../../data/metrics/partnerships
      hash: md5
      md5: 6b06276477e35f7a0770db0c7ce04475.dir
      size: 16593
      nfiles: 2
