schema: '2.0'
stages:
  extract:
    cmd: PYTHONPATH=../../.. python extract.py
    deps:
    - path: extract.py
      hash: md5
      md5: c99b1bda82faea8c844386d9dbade84e
      size: 1328
    outs:
    - path: ../../../working/metrics/partnerships
      hash: md5
      md5: 880cb39de00fb17d62f335772340ec5d.dir
      size: 81895
      nfiles: 1
  transform:
    cmd: papermill transform.ipynb ../../../working/output/partnerships-transform.ipynb
    deps:
    - path: ../../../working/metrics/partnerships
      hash: md5
      md5: 880cb39de00fb17d62f335772340ec5d.dir
      size: 81895
      nfiles: 1
    - path: transform.ipynb
      hash: md5
      md5: 067dbf2055a3765e84a655a771c3ea82
      size: 4943
    outs:
    - path: ../../../data/metrics/partnerships
      hash: md5
      md5: ccbd37e2113f40e3e65a9d0b86eb8e03.dir
      size: 16234
      nfiles: 1
  prepare:
    cmd: papermill prepare.ipynb ../../../working/output/partnerships-prepare.ipynb
    deps:
    - path: ../../../data/metrics/partnerships
      hash: md5
      md5: ccbd37e2113f40e3e65a9d0b86eb8e03.dir
      size: 16234
      nfiles: 1
    - path: prepare.ipynb
      hash: md5
      md5: af81058ace0b243e82da04fa436842ff
      size: 6910
    outs:
    - path: ../../../docs/metrics/partnerships/_data/
      hash: md5
      md5: 5d0966343926903a4f41fcaf7e491764.dir
      size: 1481
      nfiles: 6
