schema: '2.0'
stages:
  extract:
    cmd: PYTHONPATH=../../.. python extract.py
    deps:
    - path: extract.py
      hash: md5
      md5: c99b1bda82faea8c844386d9dbade84e
      size: 1328
    outs:
    - path: ../../../working/metrics/partnerships
      hash: md5
      md5: 880cb39de00fb17d62f335772340ec5d.dir
      size: 81895
      nfiles: 1
  transform:
    cmd: papermill transform.ipynb ../../../working/output/partnerships-transform.ipynb
    deps:
    - path: ../../../working/metrics/partnerships
      hash: md5
      md5: 880cb39de00fb17d62f335772340ec5d.dir
      size: 81895
      nfiles: 1
    - path: transform.ipynb
      hash: md5
      md5: 067dbf2055a3765e84a655a771c3ea82
      size: 4943
    outs:
    - path: ../../../data/metrics/partnerships/partnerships.csv
      hash: md5
      md5: 7f77c3a5aed6bbd0cf48012ae3991f11
      size: 16234
  prepare:
    cmd: papermill prepare.ipynb ../../../working/output/partnerships-prepare.ipynb
    deps:
    - path: ../../../data/metrics/partnerships/partnerships.csv
      hash: md5
      md5: 7f77c3a5aed6bbd0cf48012ae3991f11
      size: 16234
    - path: prepare.ipynb
      hash: md5
      md5: cb025010d330a85bc55a2e2b710d0735
      size: 7037
    outs:
    - path: ../../../docs/metrics/partnerships/_data/
      hash: md5
      md5: f676766eda44d3cdc022955c3c6215cb.dir
      size: 1586
      nfiles: 7
