schema: '2.0'
stages:
  stage_build:
    cmd: PYTHONPATH=scripts python3 scripts/metrics/ballot/process.py
    deps:
    - path: data/reference/postcodes.csv
      md5: 7196768cdd13ac9750cf4148d19d498c
      size: 75969456
    - path: scripts/metrics/ballot/process.py
      md5: 7b39cad8ad4098db05fc893ffbf63f28
      size: 3274
    outs:
    - path: data/metrics/ballot/
      md5: ca018371d1f5cfd3150a728c7505efbe.dir
      size: 102477
      nfiles: 2
  summarise:
    cmd: PYTHONPATH=scripts python3 scripts/metrics/ballot/summarize.py
    deps:
    - path: data/metrics/ballot/
      md5: ca018371d1f5cfd3150a728c7505efbe.dir
      size: 102477
      nfiles: 2
    - path: scripts/metrics/ballot/summarize.py
      md5: 743d444d60f6b2be50c8bcaf412002f7
      size: 2332
    outs:
    - path: docs/_data/metrics/ballot/
      md5: 830b821cbdca301deeb50d10877b0930.dir
      size: 5808
      nfiles: 6
