schema: '2.0'
stages:
  extract_transform:
    cmd: PYTHONPATH=scripts python3 scripts/metrics/ballot/process.py
    deps:
    - path: data/reference/postcodes.csv
      md5: 7196768cdd13ac9750cf4148d19d498c
      size: 75969456
    - path: scripts/metrics/ballot/process.py
      md5: a798466101cc44e07233aa2782ae9607
      size: 3369
    outs:
    - path: data/metrics/ballot/
      md5: c102b4fd1862553781915f9574ff92c4.dir
      size: 153348
      nfiles: 2
  prepare:
    cmd: PYTHONPATH=scripts python3 scripts/metrics/ballot/summarize.py
    deps:
    - path: data/metrics/ballot/
      md5: c102b4fd1862553781915f9574ff92c4.dir
      size: 153348
      nfiles: 2
    - path: scripts/metrics/ballot/summarize.py
      md5: 4c5ff5f5c7b6322e072048da5c005f65
      size: 3664
    outs:
    - path: docs/_data/metrics/ballot/
      md5: 9b81d2449b0971ab32b206f91d056c98.dir
      size: 8630
      nfiles: 7
