schema: '2.0'
stages:
  transform:
    cmd: PYTHONPATH=scripts python3 scripts/metrics/media_coverage/combine_cision.py
    deps:
    - path: scripts/metrics/media_coverage/combine_cision.py
      md5: 57fc21230105eca7808a2986942fc516
      size: 5180
    - path: working/manual/media/
      md5: d9e1d91e8f1d08ea35f1e25c8fa6993c.dir
      size: 899951
      nfiles: 11
    outs:
    - path: data/metrics/media_coverage/combined_cision.csv
      md5: 128d57eb36b7c50e2ec231dcae4d5664
      size: 147466
  transform_historic:
    cmd: PYTHONPATH=scripts python3 scripts/metrics/media_coverage/combine_historic.py
    deps:
    - path: scripts/metrics/media_coverage/combine_historic.py
      md5: ff6c2ea8554040f3f2fc10f23b109b91
      size: 2586
    - path: working/manual/media/
      md5: d9e1d91e8f1d08ea35f1e25c8fa6993c.dir
      size: 899951
      nfiles: 11
    outs:
    - path: data/metrics/media_coverage/combined_historic.csv
      md5: 2075d0be6cc9d6325fb589b3cdab43c8
      size: 66475
  prepare:
    cmd: PYTHONPATH=scripts python3 scripts/metrics/media_coverage/process.py
    deps:
    - path: data/metrics/media_coverage/combined_cision.csv
      md5: 128d57eb36b7c50e2ec231dcae4d5664
      size: 147466
    - path: data/metrics/media_coverage/combined_historic.csv
      md5: 2075d0be6cc9d6325fb589b3cdab43c8
      size: 66475
    - path: scripts/metrics/media_coverage/process.py
      md5: c4093c5f09332693d1940164900e2257
      size: 3087
    outs:
    - path: docs/metrics/media_coverage/_data
      md5: d60d07f3e0a52e8b38d0151ba955e1c6.dir
      size: 826
      nfiles: 5
