schema: '2.0'
stages:
  transform:
    cmd: PYTHONPATH=scripts python3 scripts/metrics/media_coverage/combine_cision.py
    deps:
    - path: scripts/metrics/media_coverage/combine_cision.py
      md5: 23173bbd874648c5ce89ffcfec262930
      size: 3967
    - path: working/manual/media/
      md5: 9574ca57342459cb1c90f10b2eb71fcb.dir
      size: 893949
      nfiles: 10
    outs:
    - path: data/metrics/media_coverage/combined_cision.csv
      md5: 17de2d920a672db0a7abf0cccc10f1e5
      size: 155915
  transform_historic:
    cmd: PYTHONPATH=scripts python3 scripts/metrics/media_coverage/combine_historic.py
    deps:
    - path: scripts/metrics/media_coverage/combine_historic.py
      md5: a8c712f97a4d9a3bf32732cfefe8afe9
      size: 4333
    - path: working/manual/media/
      md5: 9574ca57342459cb1c90f10b2eb71fcb.dir
      size: 893949
      nfiles: 10
    outs:
    - path: data/metrics/media_coverage/combined_historic.csv
      md5: c628b5ab73ed68e7db5160c3b4a9ae5d
      size: 65199
  prepare:
    cmd: PYTHONPATH=scripts python3 scripts/metrics/media_coverage/process.py
    deps:
    - path: data/metrics/media_coverage/combined_cision.csv
      md5: 17de2d920a672db0a7abf0cccc10f1e5
      size: 155915
    - path: data/metrics/media_coverage/combined_historic.csv
      md5: c628b5ab73ed68e7db5160c3b4a9ae5d
      size: 65199
    - path: scripts/metrics/media_coverage/process.py
      md5: c4093c5f09332693d1940164900e2257
      size: 3087
    outs:
    - path: docs/metrics/media_coverage/_data
      md5: c190c7c82e0dd8b281e91f96f779d515.dir
      size: 804
      nfiles: 5
