schema: '2.0'
stages:
  transform:
    cmd: PYTHONPATH=scripts python3 scripts/metrics/media_coverage/combine_cision.py
    deps:
    - path: scripts/metrics/media_coverage/combine_cision.py
      md5: 3873ef413af386ddc092e3f5dae6c90f
      size: 5762
    - path: working/manual/media/
      md5: bc0234865b7799588daf362833787782.dir
      size: 979769
      nfiles: 14
    outs:
    - path: data/metrics/media_coverage/combined_cision.csv
      md5: dd6d9d9f608a0e4e699cf74baeb4680a
      size: 157631
  transform_historic:
    cmd: PYTHONPATH=scripts python3 scripts/metrics/media_coverage/combine_historic.py
    deps:
    - path: scripts/metrics/media_coverage/combine_historic.py
      md5: ff6c2ea8554040f3f2fc10f23b109b91
      size: 2586
    - path: working/manual/media/
      md5: bc0234865b7799588daf362833787782.dir
      size: 979769
      nfiles: 14
    outs:
    - path: data/metrics/media_coverage/combined_historic.csv
      md5: 2075d0be6cc9d6325fb589b3cdab43c8
      size: 66475
  prepare:
    cmd: PYTHONPATH=scripts python3 scripts/metrics/media_coverage/process.py
    deps:
    - path: data/metrics/media_coverage/combined_cision.csv
      md5: dd6d9d9f608a0e4e699cf74baeb4680a
      size: 157631
    - path: data/metrics/media_coverage/combined_historic.csv
      md5: 2075d0be6cc9d6325fb589b3cdab43c8
      size: 66475
    - path: scripts/metrics/media_coverage/process.py
      md5: c4093c5f09332693d1940164900e2257
      size: 3087
    outs:
    - path: docs/metrics/media_coverage/_data
      md5: 15cdb35c878368ea26d7c2352c99b6b0.dir
      size: 837
      nfiles: 5
