schema: '2.0'
stages:
  extract:
    cmd: python3 extract.py
    deps:
    - path: ../../../../lib/sources/ticket_tailor.py
      hash: md5
      md5: 16d47dc943e820fdc4102e0a1260c02c
      size: 1686
    - path: extract.py
      hash: md5
      md5: 0c7472527c8d1de29fe8df9e10377aa1
      size: 969
    - path: pipes.py
      hash: md5
      md5: 900e3b562d6d942101bdad3b83514ab7
      size: 881
    outs:
    - path: ../../../../working/metrics/ticketing/orders.csv
      hash: md5
      md5: e844b1892bf04b871bc8603d83e15b47
      size: 1041146
  transform:
    cmd: papermill tickets.ipynb ../../../../working/output/tickets-transform.ipynb
    deps:
    - path: ../../../../working/metrics/ticketing/orders.csv
      hash: md5
      md5: e844b1892bf04b871bc8603d83e15b47
      size: 1041146
    - path: pipes.py
      hash: md5
      md5: 900e3b562d6d942101bdad3b83514ab7
      size: 881
    - path: tickets.ipynb
      hash: md5
      md5: 8cb538404d6f6a0406e8f209832b72c8
      size: 102685
    outs:
    - path: ../../../../data/metrics/events/tickets/orders.csv
      hash: md5
      md5: 545cf86575842693c125817bcd45036e
      size: 612454
  prepare:
    cmd: papermill prepare.ipynb ../../../../working/output/tickets-prepare.ipynb
    deps:
    - path: ../../../../data/metrics/events/tickets/orders.csv
      hash: md5
      md5: 545cf86575842693c125817bcd45036e
      size: 612454
    - path: prepare.ipynb
      hash: md5
      md5: 81a079ae820aa6277560f4999113a564
      size: 6781
    outs:
    - path: ../../../../docs/metrics/tickets/_data/
      hash: md5
      md5: f3fd558f2d0a2f98bee40f50244c65e6.dir
      size: 3840
      nfiles: 3
