schema: '2.0'
stages:
  extract:
    cmd: python3 extract.py
    deps:
    - path: ../../../../lib/sources/ticket_tailor.py
      hash: md5
      md5: 16d47dc943e820fdc4102e0a1260c02c
      size: 1686
    - path: extract.py
      hash: md5
      md5: 0c7472527c8d1de29fe8df9e10377aa1
      size: 969
    - path: pipes.py
      hash: md5
      md5: 900e3b562d6d942101bdad3b83514ab7
      size: 881
    outs:
    - path: ../../../../working/metrics/ticketing/orders.csv
      hash: md5
      md5: bd9f9792420eccfa0d2cac1f1fa74f75
      size: 1017441
  transform:
    cmd: papermill tickets.ipynb ../../../../working/output/tickets-transform.ipynb
    deps:
    - path: ../../../../working/metrics/ticketing/orders.csv
      hash: md5
      md5: bd9f9792420eccfa0d2cac1f1fa74f75
      size: 1017441
    - path: pipes.py
      hash: md5
      md5: 900e3b562d6d942101bdad3b83514ab7
      size: 881
    - path: tickets.ipynb
      hash: md5
      md5: a54196bd60f2dfb55a6df2a2bca3c30e
      size: 100426
    outs:
    - path: ../../../../data/metrics/events/tickets/orders.csv
      hash: md5
      md5: b0dce791dd28a53fd0039c73f3dc1daf
      size: 463773
  prepare:
    cmd: papermill prepare.ipynb ../../../../working/output/tickets-prepare.ipynb
    deps:
    - path: ../../../../data/metrics/events/tickets/orders.csv
      hash: md5
      md5: b0dce791dd28a53fd0039c73f3dc1daf
      size: 463773
    - path: prepare.ipynb
      hash: md5
      md5: 81a079ae820aa6277560f4999113a564
      size: 6781
    outs:
    - path: ../../../../docs/metrics/tickets/_data/
      hash: md5
      md5: 48a6fef4ee76d0f5159cad447da6726a.dir
      size: 3766
      nfiles: 3
