schema: '2.0'
stages:
  extract:
    cmd: python3 extract.py
    deps:
    - path: ../../../../lib/sources/ticket_tailor.py
      hash: md5
      md5: 207354fe230eb05b6649bc070bfde176
      size: 1756
    - path: extract.py
      hash: md5
      md5: d15ab3825fa756391be22c2727f0453a
      size: 949
    - path: pipes.py
      hash: md5
      md5: 0cb5b00258a4e585f10d66fb665e2963
      size: 728
    outs:
    - path: ../../../../working/metrics/ticketing/orders.csv
      hash: md5
      md5: 7594b36f6e1d2aa1248b3613729c5e98
      size: 713700
      isexec: true
  transform:
    cmd: papermill tickets.ipynb ../../../../working/output/tickets-transform.ipynb
    deps:
    - path: ../../../../working/metrics/ticketing/orders.csv
      hash: md5
      md5: 7594b36f6e1d2aa1248b3613729c5e98
      size: 713700
    - path: pipes.py
      hash: md5
      md5: 0cb5b00258a4e585f10d66fb665e2963
      size: 728
    - path: tickets.ipynb
      hash: md5
      md5: 871b931fd6a62b541bd6f8668ca33b4d
      size: 494949
    outs:
    - path: ../../../../data/metrics/events/tickets/orders.csv
      hash: md5
      md5: d10a99b2712db90d051249407d399b0c
      size: 322131
      isexec: true
