schema: '2.0'
stages:
  transform:
    cmd: PYTHONPATH=scripts/ python scripts/metrics/schools/transform.py
    deps:
    - path: scripts/metrics/schools/transform.py
      hash: md5
      md5: f9d56b1dfd266dbc988aa16efb51e45b
      size: 2970
    - path: working/metrics/airtable/schools_events.csv
      hash: md5
      md5: 14c496559da8c3223f684b4d23c82b58
      size: 123046
    outs:
    - path: data/metrics/schools/schools_events.csv
      hash: md5
      md5: 4c516057bd7e158d7482d3a9cc0e94c8
      size: 47369
  extract:
    cmd: PYTHONPATH=scripts/ python scripts/metrics/schools/extract.py
    deps:
    - path: scripts/metrics/schools/extract.py
      hash: md5
      md5: e29be7bcd549e8cf37dd1aa0135a9027
      size: 2071
    outs:
    - path: working/metrics/airtable/schools_events.csv
      hash: md5
      md5: 14c496559da8c3223f684b4d23c82b58
      size: 123046
  prepare:
    cmd: PYTHONPATH=scripts/ python scripts/metrics/schools/prepare.py
    deps:
    - path: data/metrics/schools/schools_events.csv
      hash: md5
      md5: 4c516057bd7e158d7482d3a9cc0e94c8
      size: 47369
    - path: data/reference/leeds_wards.csv
      hash: md5
      md5: 887a42d46d34c9e966211a79f2b8a672
      size: 1035
    - path: data/reference/schools.csv
      hash: md5
      md5: 9abd1542e4fee4b7e211545099eb95be
      size: 19504
    - path: scripts/metrics/schools/prepare.py
      hash: md5
      md5: 359f1c098e76fecfe474202e30e19175
      size: 5014
    outs:
    - path: docs/metrics/schools/_data/engagements_by_ward.csv
      hash: md5
      md5: 0e551bec3ee41d908a3f19aaee4db330
      size: 1520
    - path: docs/metrics/schools/_data/engagements_by_week.csv
      hash: md5
      md5: ae88a01f7c1928d79e8ea697bcedc6e2
      size: 1407
    - path: docs/metrics/schools/_data/headlines.json
      hash: md5
      md5: f659edc2019e17c3c2759e17782e30df
      size: 373
    - path: docs/metrics/schools/_data/school_engagement_counts.csv
      hash: md5
      md5: 6309e0d4fff742831fcdbf9cf35806f6
      size: 6920
  ref_data:
    cmd: PYTHONPATH=scripts/ python scripts/metrics/schools/get_reference_data.py
    deps:
    - path: scripts/metrics/schools/get_reference_data.py
      hash: md5
      md5: 9f71435b8679733697fd6bb909349a7a
      size: 686
    outs:
    - path: data/reference/schools.csv
      hash: md5
      md5: 9abd1542e4fee4b7e211545099eb95be
      size: 19504
