schema: '2.0'
stages:
  extract:
    cmd: PYTHONPATH=. python3 scripts/metrics/events/scheduled/extract.py
    deps:
    - path: lib/sources/airtable.py
      hash: md5
      md5: 4d4c1174da6375dcf698fd5740ea9cc5
      size: 685
    - path: scripts/metrics/events/scheduled/extract.py
      hash: md5
      md5: 9e37a23d890560f581f25bf5ff4800e2
      size: 856
    outs:
    - path: working/metrics/events/all.csv
      hash: md5
      md5: 591baf58ea59d0037ecb6517bd08ddb3
      size: 326915
  transform:
    cmd: PYTHONPATH=. python3 scripts/metrics/events/scheduled/transform.py
    deps:
    - path: lib/util/
      hash: md5
      md5: 1716a8255a4563e6111e07666ced83f0.dir
      size: 2040
      nfiles: 2
    - path: scripts/metrics/events/scheduled/transform.py
      hash: md5
      md5: 524e279ace334758487c53542086d809
      size: 676
    - path: working/metrics/events/all.csv
      hash: md5
      md5: 591baf58ea59d0037ecb6517bd08ddb3
      size: 326915
    outs:
    - path: data/metrics/events/master/all.csv
      hash: md5
      md5: b92762f54c62531fba6319c669a376f0
      size: 247253
  prepare:
    cmd: PYTHONPATH=. python3 scripts/metrics/events/scheduled/prepare.py
    deps:
    - path: data/metrics/events/master/all.csv
      hash: md5
      md5: cdca4e5d07de57c7148af1aacd61bf72
      size: 199612
    - path: scripts/metrics/events/scheduled/prepare.py
      hash: md5
      md5: 6eb44acf84c05d77099268a1db69540d
      size: 2459
    - path: scripts/util/
      hash: md5
      md5: d94efccf140d197810fafaa067993507.dir
      size: 11863
      nfiles: 10
    outs:
    - path: docs/metrics/events/the-barn/_data/by_date.csv
      hash: md5
      md5: 3e7992cdc8255bb7b1bfa62947782adb
      size: 933
    - path: docs/metrics/events/the-barn/_data/by_ward.csv
      hash: md5
      md5: 49e2382661b949448de4fc8d2ea4428a
      size: 240
    - path: docs/metrics/events/the-barn/_data/headlines.json
      hash: md5
      md5: dff25fe625b8ebee188714453123c2c3
      size: 412
