schema: '2.0'
stages:
  extract:
    cmd: PYTHONPATH=. python3 scripts/metrics/events/scheduled/extract.py
    deps:
    - path: lib/sources/airtable.py
      md5: ff093ff7ef56afc78111b6800a04b979
      size: 504
    - path: scripts/metrics/events/scheduled/extract.py
      md5: 9e37a23d890560f581f25bf5ff4800e2
      size: 856
    outs:
    - path: working/metrics/events/all.csv
      md5: 9d7d79e72952c6b454346b3909ab9c9f
      size: 273751
  transform:
    cmd: PYTHONPATH=. python3 scripts/metrics/events/scheduled/transform.py
    deps:
    - path: lib/util/
      md5: 9e35488ee9d3a66da6d18d3b67aa4dba.dir
      size: 223
      nfiles: 1
    - path: scripts/metrics/events/scheduled/transform.py
      md5: 74357c34f432c3bdb88bc3a0e293f144
      size: 507
    - path: working/metrics/events/all.csv
      md5: 9d7d79e72952c6b454346b3909ab9c9f
      size: 273751
    outs:
    - path: data/metrics/events/master/all.csv
      md5: a2128b7c499950908b0bbe7a51e47df3
      size: 273743
  prepare:
    cmd: PYTHONPATH=. python3 scripts/metrics/events/scheduled/prepare.py
    deps:
    - path: data/metrics/events/master/all.csv
      md5: a2128b7c499950908b0bbe7a51e47df3
      size: 273743
    - path: scripts/metrics/events/scheduled/prepare.py
      md5: 0f712c00082db6cf5ddc6177f94bbe80
      size: 2459
    - path: scripts/util/
      md5: d94efccf140d197810fafaa067993507.dir
      size: 11863
      nfiles: 10
    outs:
    - path: docs/metrics/events/the_barn/_data/by_date.csv
      md5: 0f9442cc0fb86758fc400ba6707199bc
      size: 935
    - path: docs/metrics/events/the_barn/_data/by_ward.csv
      md5: 49e2382661b949448de4fc8d2ea4428a
      size: 240
    - path: docs/metrics/events/the_barn/_data/headlines.json
      md5: 670553ebd2f0aea24aed0513d3881537
      size: 413
