schema: '2.0'
stages:
  extract:
    cmd: PYTHONPATH=. python3 scripts/metrics/events/scheduled/extract.py
    deps:
    - path: lib/sources/airtable.py
      hash: md5
      md5: ff093ff7ef56afc78111b6800a04b979
      size: 504
    - path: scripts/metrics/events/scheduled/extract.py
      hash: md5
      md5: 9e37a23d890560f581f25bf5ff4800e2
      size: 856
    outs:
    - path: working/metrics/events/all.csv
      hash: md5
      md5: 4770a86ba56d9c1e7d1bd9a4cc53d18e
      size: 273107
  transform:
    cmd: PYTHONPATH=. python3 scripts/metrics/events/scheduled/transform.py
    deps:
    - path: lib/util/
      hash: md5
      md5: 9e35488ee9d3a66da6d18d3b67aa4dba.dir
      size: 223
      nfiles: 1
    - path: scripts/metrics/events/scheduled/transform.py
      hash: md5
      md5: 74357c34f432c3bdb88bc3a0e293f144
      size: 507
    - path: working/metrics/events/all.csv
      hash: md5
      md5: 4770a86ba56d9c1e7d1bd9a4cc53d18e
      size: 273107
    outs:
    - path: data/metrics/events/master/all.csv
      hash: md5
      md5: 823dcf96d5430ee09b91a8c19b5f861d
      size: 273099
  prepare:
    cmd: PYTHONPATH=. python3 scripts/metrics/events/scheduled/prepare.py
    deps:
    - path: data/metrics/events/master/all.csv
      hash: md5
      md5: 823dcf96d5430ee09b91a8c19b5f861d
      size: 273099
    - path: scripts/metrics/events/scheduled/prepare.py
      hash: md5
      md5: 0f712c00082db6cf5ddc6177f94bbe80
      size: 2459
    - path: scripts/util/
      hash: md5
      md5: f6834d12b390950f71ac28b7939cd92e.dir
      size: 7439
      nfiles: 7
    outs:
    - path: docs/metrics/events/the_barn/_data/by_date.csv
      hash: md5
      md5: 0f9442cc0fb86758fc400ba6707199bc
      size: 935
    - path: docs/metrics/events/the_barn/_data/by_ward.csv
      hash: md5
      md5: 49e2382661b949448de4fc8d2ea4428a
      size: 240
    - path: docs/metrics/events/the_barn/_data/headlines.json
      hash: md5
      md5: 670553ebd2f0aea24aed0513d3881537
      size: 413
