schema: '2.0'
stages:
  extract:
    cmd: PYTHONPATH=scripts python3 scripts/metrics/callouts/extract.py
    deps:
    - path: scripts/metrics/callouts/extract.py
      md5: f29275da5a96403ca8984f21d6a38b19
      size: 1459
    outs:
    - path: working/metrics/callouts/
      md5: 0d87de7a65a86ab41a6a8a1a4ad1e195.dir
      size: 20312
      nfiles: 14
  transform:
    cmd: PYTHONPATH=scripts python3 scripts/metrics/callouts/transform.py
    deps:
    - path: data/reference/postcodes.csv
      md5: 3c332ace66b28524c0a710fca1a4b1c0
      size: 76072682
    - path: scripts/metrics/callouts/transform.py
      md5: 4f398e98b99241cca3ef69e8a979c322
      size: 1117
    - path: working/metrics/callouts/
      md5: 0d87de7a65a86ab41a6a8a1a4ad1e195.dir
      size: 20312
      nfiles: 14
    outs:
    - path: data/metrics/callouts/
      md5: ee859fa51ef3db9df02bc630f34b38f1.dir
      size: 53410
      nfiles: 1
  prepare:
    cmd: PYTHONPATH=scripts python3 scripts/metrics/callouts/prepare.py
    deps:
    - path: data/metrics/callouts/
      md5: ee859fa51ef3db9df02bc630f34b38f1.dir
      size: 53410
      nfiles: 1
    - path: scripts/metrics/callouts/prepare.py
      md5: 5e80647a69294d0ea3254437376e8002
      size: 1467
    outs:
    - path: docs/metrics/callouts/_data
      md5: b38a50ac13b3425b9229407e0108a86b.dir
      size: 4862
      nfiles: 7
