schema: '2.0'
stages:
  extract:
    cmd: PYTHONPATH=scripts python3 scripts/metrics/callouts/extract.py
    deps:
    - path: scripts/metrics/callouts/extract.py
      md5: f29275da5a96403ca8984f21d6a38b19
      size: 1459
    outs:
    - path: working/metrics/callouts/
      md5: 9e7313b72412c0df39248a06e44e175f.dir
      size: 20109
      nfiles: 14
  transform:
    cmd: PYTHONPATH=scripts python3 scripts/metrics/callouts/transform.py
    deps:
    - path: data/reference/postcodes.csv
      md5: 3c332ace66b28524c0a710fca1a4b1c0
      size: 76072682
    - path: scripts/metrics/callouts/transform.py
      md5: 4f398e98b99241cca3ef69e8a979c322
      size: 1117
    - path: working/metrics/callouts/
      md5: 9e7313b72412c0df39248a06e44e175f.dir
      size: 20109
      nfiles: 14
    outs:
    - path: data/metrics/callouts/
      md5: 8b35368bcc8444182ced3fdfe825a2df.dir
      size: 52814
      nfiles: 1
  prepare:
    cmd: PYTHONPATH=scripts python3 scripts/metrics/callouts/prepare.py
    deps:
    - path: data/metrics/callouts/
      md5: 8b35368bcc8444182ced3fdfe825a2df.dir
      size: 52814
      nfiles: 1
    - path: scripts/metrics/callouts/prepare.py
      md5: 5e80647a69294d0ea3254437376e8002
      size: 1467
    outs:
    - path: docs/metrics/callouts/_data
      md5: 79c6fd9ddd72cfcf6ede0e450e75ae99.dir
      size: 4861
      nfiles: 7
