schema: '2.0'
stages:
  extract:
    cmd: PYTHONPATH=scripts python3 scripts/metrics/callouts/extract.py
    deps:
    - path: scripts/metrics/callouts/extract.py
      md5: f29275da5a96403ca8984f21d6a38b19
      size: 1459
    outs:
    - path: working/metrics/callouts/
      md5: 44fced7f059c8afd63899dee917a23c7.dir
      size: 20216
      nfiles: 14
  transform:
    cmd: PYTHONPATH=scripts python3 scripts/metrics/callouts/transform.py
    deps:
    - path: data/reference/postcodes.csv
      md5: 3c332ace66b28524c0a710fca1a4b1c0
      size: 76072682
    - path: scripts/metrics/callouts/transform.py
      md5: 4f398e98b99241cca3ef69e8a979c322
      size: 1117
    - path: working/metrics/callouts/
      md5: 44fced7f059c8afd63899dee917a23c7.dir
      size: 20216
      nfiles: 14
    outs:
    - path: data/metrics/callouts/
      md5: 057cb1874d873128c502ddd582d65112.dir
      size: 53136
      nfiles: 1
  prepare:
    cmd: PYTHONPATH=scripts python3 scripts/metrics/callouts/prepare.py
    deps:
    - path: data/metrics/callouts/
      md5: 057cb1874d873128c502ddd582d65112.dir
      size: 53136
      nfiles: 1
    - path: scripts/metrics/callouts/prepare.py
      md5: 5e80647a69294d0ea3254437376e8002
      size: 1467
    outs:
    - path: docs/metrics/callouts/_data
      md5: 2a7f424790e02bc82fd7fde40d64d3f6.dir
      size: 4861
      nfiles: 7
