schema: '2.0'
stages:
  prepare:
    cmd: python3 scripts/headlines/prepare.py
    deps:
    - path: data/metrics/volunteers/shifts.csv
      md5: cd0db1e0a24c6d248e938ae250406d76
      size: 32533
    - path: scripts/headlines/prepare.py
      md5: 465e00871ccb0e1e9ec390cac8cdd003
      size: 596
    outs:
    - path: docs/_data/headlines/values.js
      md5: 07b8120a8f32eedc82ed11ced0b2c2a2
      size: 63
