schema: '2.0'
stages:
  prepare:
    cmd: python3 scripts/headlines/prepare.py
    deps:
    - path: data/metrics/volunteers/shifts.csv
      hash: md5
      md5: 7ab0fbc4864b4f555a50420fa9e5dc5a
      size: 39473
    - path: scripts/headlines/prepare.py
      hash: md5
      md5: 465e00871ccb0e1e9ec390cac8cdd003
      size: 596
    outs:
    - path: docs/_data/headlines/values.js
      hash: md5
      md5: 8373ef57de639c581d6db47982f2bb9d
      size: 63
