schema: '2.0'
stages:
  postcodes:
    cmd: PYTHONPATH=scripts python3 scripts/reference_data/postcodes.py working/ref/onspd-extract.csv
    deps:
    - path: scripts/reference_data/postcodes.py
      md5: c82704fedeccde3cde99e5cd97793874
      size: 461
    - path: working/ref/onspd-extract.csv
      md5: c33cab07a62f2d02607a9d155bd968f4
      size: 129496640
    outs:
    - path: data/reference/postcodes.csv
      md5: 3c332ace66b28524c0a710fca1a4b1c0
      size: 76072682
