schema: '2.0'
stages:
  extract:
    cmd: echo Hello! $OI_SFTP_HOST
  transform:
    cmd: PYTHONPATH=scripts python3 scripts/metrics/volunteers/transform.py
    deps:
    - path: scripts/metrics/volunteers/transform.py
      md5: e514bf090603f3f4c7578a2f1d484557
      size: 1418
    - path: working/manual/volunteers/volunteering-hours.csv
      md5: d4e67bbbbe6f4b9c471a5a2e96f1de0f
      size: 25804
    - path: working/metrics/rosterfy/current-checkpoint.csv
      md5: 1fdc1746a8c51351e3f0dd0daed39947
      size: 134593
    outs:
    - path: data/metrics/volunteers/shifts.csv
      md5: 57ecf261ef6497271a327dccd414bae1
      size: 7709
    - path: data/metrics/volunteers/volunteers.csv
      md5: 6283830bfc318d382a70b031c88ab3f7
      size: 135162
  prepare:
    cmd: PYTHONPATH=scripts python3 scripts/metrics/volunteers/prepare.py
    deps:
    - path: data/metrics/volunteers/shifts.csv
      hash: md5
      md5: 8898a1dc2313ba3ed0192bfaaf1115cb
      size: 41241
    - path: data/metrics/volunteers/volunteers.csv
      hash: md5
      md5: 0e360b83fffbf01a61e34835d819522f
      size: 211872
    - path: scripts/metrics/volunteers/prepare.py
      hash: md5
      md5: 34b31bc510a6d2d1519213c3ee8c7bd8
      size: 2139
    outs:
    - path: docs/metrics/volunteers/_data/by_local_authority.csv
      hash: md5
      md5: 8af69635a9cec692b4dca2e068020101
      size: 1194
    - path: docs/metrics/volunteers/_data/by_ward.csv
      hash: md5
      md5: 6f5a329a472c6c714f8313173a7a36c7
      size: 3876
    - path: docs/metrics/volunteers/_data/by_week.csv
      hash: md5
      md5: 0f3ae7853806140da0d6af8b13581170
      size: 1459
    - path: docs/metrics/volunteers/_data/la_stats.json
      hash: md5
      md5: 656aa38cd94a619805a8276c28de7da2
      size: 372
    - path: docs/metrics/volunteers/_data/shifts/by_week.csv
      hash: md5
      md5: 7451b9dbf13dcdf3785ed7fb19f23fe9
      size: 943
    - path: docs/metrics/volunteers/_data/shifts/summary.json
      hash: md5
      md5: af818578682dfaf99a0b168d89d24e41
      size: 329
    - path: docs/metrics/volunteers/_data/west_yorkshire.csv
      hash: md5
      md5: 0693479c372c7bb0f53682965bbdff90
      size: 180
  transform-shifts:
    cmd: PYTHONPATH=scripts python3 scripts/metrics/volunteers/transform_shifts.py
    deps:
    - path: scripts/metrics/volunteers/transform_shifts.py
      hash: md5
      md5: 38d8943ecbdaf152df1edaf56eb62466
      size: 1581
    - path: working/metrics/rosterfy/volunteering-hours.csv
      hash: md5
      md5: 2670c3934102c35a330776d63ebb0553
      size: 104713
    outs:
    - path: data/metrics/volunteers/shifts.csv
      hash: md5
      md5: 8898a1dc2313ba3ed0192bfaaf1115cb
      size: 41241
  transform-signups:
    cmd: PYTHONPATH=scripts python3 scripts/metrics/volunteers/transform_signups.py
    deps:
    - path: scripts/metrics/volunteers/data.py
      hash: md5
      md5: bf5fcb687b181023c78a1e7dd44995b0
      size: 3008
    - path: scripts/metrics/volunteers/metadata.py
      hash: md5
      md5: 4d091fa0191725b56adeb501346099f0
      size: 5325
    - path: scripts/metrics/volunteers/setup.py
      hash: md5
      md5: 87c3b458c580a5f8786fd30c0f9431f6
      size: 479
    - path: scripts/metrics/volunteers/states.py
      hash: md5
      md5: 36ce11658f400403c6a28b140a8375a4
      size: 3197
    - path: scripts/metrics/volunteers/transform_signups.py
      hash: md5
      md5: f3a575c359d7c4715536f5eab0d6ace7
      size: 2013
    - path: working/metrics/rosterfy/current-checkpoint.csv
      hash: md5
      md5: c2fd0dd65cd14f479276e4c618b795cd
      size: 155591
    outs:
    - path: data/metrics/volunteers/volunteers.csv
      hash: md5
      md5: 0e360b83fffbf01a61e34835d819522f
      size: 211872
    - path: docs/metrics/volunteers/_data/metadata/volunteers.json
      hash: md5
      md5: 56fd72fa51cf0b13fe9c7b0f731c0f38
      size: 11753
