schema: '2.0'
stages:
  extract:
    cmd: echo Hello! $OI_SFTP_HOST
  transform:
    cmd: PYTHONPATH=scripts python3 scripts/metrics/volunteers/transform.py
    deps:
    - path: scripts/metrics/volunteers/transform.py
      md5: aa92b5556c77e0cf17ff9b673b714a2c
      size: 87
    - path: working/metrics/rosterfy/current-checkpoint.csv
      md5: 3ca66db6644a7ad7950c345ebdb721d1
      size: 93929
    outs:
    - path: data/metrics/volunteers/volunteers.csv
      md5: 8fe8d7c566e9b7dae9b8e58132d1e85d
      size: 93770
  prepare:
    cmd: PYTHONPATH=scripts python3 scripts/metrics/volunteers/prepare.py
    deps:
    - path: data/metrics/volunteers/volunteers.csv
      md5: 8fe8d7c566e9b7dae9b8e58132d1e85d
      size: 93770
    - path: scripts/metrics/volunteers/prepare.py
      md5: 006fcb67b9da699e6684f5240df14bf4
      size: 93
    outs:
    - path: docs/metrics/volunteers/_data
      md5: 5765f44cf7a18004b5dfcb156da121c1.dir
      size: 6349
      nfiles: 5
