schema: '2.0'
stages:
  extract:
    cmd: PYTHONPATH=scripts python3 scripts/metrics/community-grants/extract.py
    deps:
    - path: scripts/metrics/community-grants/extract.py
      md5: 191ffaf3e662f9c34b924995dca1a61d
      size: 1148
    outs:
    - path: working/metrics/community-grants/
      md5: a27404523aba432f8287ce8769a6a4b1.dir
      size: 9420
      nfiles: 3
  transform:
    cmd: PYTHONPATH=scripts python3 scripts/metrics/community-grants/transform.py
    deps:
    - path: data/reference/postcodes.csv
      md5: 3c332ace66b28524c0a710fca1a4b1c0
      size: 76072682
    - path: scripts/metrics/community-grants/transform.py
      md5: 429b94a5b598c3937aefda538f603472
      size: 1029
    - path: working/metrics/community-grants/
      md5: a27404523aba432f8287ce8769a6a4b1.dir
      size: 9420
      nfiles: 3
    outs:
    - path: data/metrics/community-grants/
      md5: 71d3a81b5c1b565933d912e773565fc0.dir
      size: 24216
      nfiles: 1
  prepare:
    cmd: PYTHONPATH=scripts python3 scripts/metrics/community-grants/prepare.py
    deps:
    - path: data/metrics/community-grants/
      md5: 71d3a81b5c1b565933d912e773565fc0.dir
      size: 24216
      nfiles: 1
    - path: scripts/metrics/community-grants/prepare.py
      md5: c1ce1444545fb5e0a515515c3087a668
      size: 1603
    outs:
    - path: docs/metrics/community-grants/_data/headline.json
      md5: f720b601906acffa75aa759dcf7513cf
      size: 88
    - path: docs/metrics/community-grants/_data/responses_by_la.csv
      md5: c2e93102813156c85711836fbe1f43f4
      size: 245
    - path: docs/metrics/community-grants/_data/responses_by_ward.csv
      md5: 34bd1297d967e669839d37133e98c2ab
      size: 989
    - path: docs/metrics/community-grants/_data/responses_by_week.csv
      md5: 40c4e0cb331e75110260900bf3d1880a
      size: 325
