schema: '2.0'
stages:
  extract:
    cmd: PYTHONPATH=scripts python3 scripts/metrics/community-grants/extract.py
    deps:
    - path: scripts/metrics/community-grants/extract.py
      md5: 1a259ba85347844c9dd5b1d49de378cd
      size: 1614
    outs:
    - path: working/metrics/community-grants/
      md5: 48b7a15586eaa9dc3a0842f6505adae2.dir
      size: 10045
      nfiles: 3
  transform:
    cmd: PYTHONPATH=scripts python3 scripts/metrics/community-grants/transform.py
    deps:
    - path: data/reference/postcodes.csv
      md5: 3c332ace66b28524c0a710fca1a4b1c0
      size: 76072682
    - path: scripts/metrics/community-grants/transform.py
      md5: 429b94a5b598c3937aefda538f603472
      size: 1029
    - path: working/metrics/community-grants/
      md5: 48b7a15586eaa9dc3a0842f6505adae2.dir
      size: 10045
      nfiles: 3
    outs:
    - path: data/metrics/community-grants/
      md5: 019f303a75684dea6c77ca4f46da3f9a.dir
      size: 25720
      nfiles: 1
  prepare:
    cmd: PYTHONPATH=scripts python3 scripts/metrics/community-grants/prepare.py
    deps:
    - path: data/metrics/community-grants/
      md5: 019f303a75684dea6c77ca4f46da3f9a.dir
      size: 25720
      nfiles: 1
    - path: scripts/metrics/community-grants/prepare.py
      md5: c1ce1444545fb5e0a515515c3087a668
      size: 1603
    outs:
    - path: docs/metrics/community-grants/_data/headline.json
      md5: 2df4c52e3d1d3922328b9507db006f5d
      size: 88
    - path: docs/metrics/community-grants/_data/responses_by_la.csv
      md5: c403ac9b3c04c417ee95ba6596364761
      size: 245
    - path: docs/metrics/community-grants/_data/responses_by_ward.csv
      md5: 26065132915cda55835bbed0f19fc355
      size: 991
    - path: docs/metrics/community-grants/_data/responses_by_week.csv
      md5: 645eaf1a86ce30a902b544141b941146
      size: 346
