schema: '2.0'
stages:
  extract:
    cmd: PYTHONPATH=scripts python3 scripts/metrics/community-grants/extract.py
    deps:
    - path: scripts/metrics/community-grants/extract.py
      hash: md5
      md5: 729c989284fafe584ff6cc4f3702837a
      size: 1791
    outs:
    - path: working/metrics/community-grants/
      hash: md5
      md5: 5867e5a63f2fbd4fbd017a69d726025c.dir
      size: 44006
      nfiles: 3
  transform:
    cmd: PYTHONPATH=scripts python3 scripts/metrics/community-grants/transform.py
    deps:
    - path: data/reference/postcodes.csv
      md5: 3c332ace66b28524c0a710fca1a4b1c0
      size: 76072682
    - path: scripts/metrics/community-grants/transform.py
      md5: 1e12e6375d4f5ca92d1e926870b5da3c
      size: 2081
    - path: working/metrics/community-grants/
      hash: md5
      md5: 5867e5a63f2fbd4fbd017a69d726025c.dir
      size: 44006
      nfiles: 3
    outs:
    - path: data/metrics/community-grants/
      hash: md5
      md5: d46b0196efb44d398313374759a2beb9.dir
      size: 35289
      nfiles: 1
  prepare:
    cmd: PYTHONPATH=scripts python3 scripts/metrics/community-grants/prepare.py
    deps:
    - path: data/metrics/community-grants/
      hash: md5
      md5: d46b0196efb44d398313374759a2beb9.dir
      size: 35289
      nfiles: 1
    - path: scripts/metrics/community-grants/prepare.py
      hash: md5
      md5: 30da97e9f5ac2ef290c26a9462e652a6
      size: 1707
    outs:
    - path: docs/metrics/events/my-leeds-2023/_data/headline.json
      hash: md5
      md5: 02dd89af5b96e51a052be081b2edcb7e
      size: 106
    - path: docs/metrics/events/my-leeds-2023/_data/responses_by_la.csv
      hash: md5
      md5: 02a484f99ed2eb16b43ed6740466806d
      size: 114
    - path: docs/metrics/events/my-leeds-2023/_data/responses_by_ward.csv
      hash: md5
      md5: 57977aaeffb5838fab72f4793226539e
      size: 684
    - path: docs/metrics/events/my-leeds-2023/_data/responses_by_week.csv
      hash: md5
      md5: 236e9b20e0117729fac2d0c60eb882b7
      size: 690
