schema: '2.0'
stages:
  transform:
    cmd: papermill transform.ipynb ../../../working/papermill/web_analytics_transform_output.ipynb
    deps:
    - path: ../../../working/manual/web_analytics/data-export.csv
      hash: md5
      md5: b4985adc60163092e1464b5f3f7ebb82
      size: 147978
    - path: transform.ipynb
      hash: md5
      md5: 9b49a21feb8cb55f8cd2a23533789701
      size: 5321
    outs:
    - path: ../../../data/metrics/web_analytics/daily_page_views.csv
      hash: md5
      md5: a94e9959511e09cf97cfcffd3b5481ba
      size: 4495
    - path: ../../../data/metrics/web_analytics/weekly_page_views.csv
      hash: md5
      md5: 572963c470dd489c82255e51d6801eef
      size: 717
