schema: '2.0'
stages:
  extract:
    cmd: PYTHONPATH=. python3 scripts/metrics/partner-events/extract.py
    deps:
    - path: scripts/metrics/partner-events/extract.py
      hash: md5
      md5: 704faca13fe38c17f5c36cbdf8b0bd13
      size: 1418
    outs:
    - path: working/metrics/partner-events/
      hash: md5
      md5: 1f6ef8827c68d954c28ab31ec81ae71b.dir
      size: 54971
      nfiles: 1
  transform:
    cmd: papermill transform.ipynb ../../../working/output/partner-events-transform.ipynb
    deps:
    - path: ../../../lib/util/geo.py
      hash: md5
      md5: 7903028dccc45f860ccc6eb52881bd9a
      size: 1614
    - path: ../../../working/metrics/partner-events/
      hash: md5
      md5: 1f6ef8827c68d954c28ab31ec81ae71b.dir
      size: 54971
      nfiles: 1
    - path: transform.ipynb
      hash: md5
      md5: b5dbf6ad7b723f34dfd706c1be48cf95
      size: 32905
    outs:
    - path: ../../../data/metrics/events/partner-events/events.csv
      hash: md5
      md5: 8caec5bb2c3c123d2f88c2d640f69dc5
      size: 13869
  prepare:
    cmd: PYTHONPATH=. python3 scripts/metrics/partner-events/prepare.py
    deps:
    - path: data/metrics/events/partner-events/events.csv
      hash: md5
      md5: 8caec5bb2c3c123d2f88c2d640f69dc5
      size: 13869
    - path: scripts/metrics/partner-events/prepare.py
      hash: md5
      md5: a08bf989636b2661243db829be932bc1
      size: 1039
    outs:
    - path: docs/metrics/events/partner/_data/by_month.csv
      hash: md5
      md5: 9afd18aa9f20c250402f4e8644d0ae12
      size: 266
    - path: docs/metrics/events/partner/_data/by_ward.csv
      hash: md5
      md5: 570572ac11a2312051a4cab1c98bd760
      size: 187
    - path: docs/metrics/events/partner/_data/headline.json
      hash: md5
      md5: 7b8755ae255ec54b88166955e4643f7b
      size: 68
