schema: '2.0'
stages:
  extract:
    cmd: PYTHONPATH=. python3 scripts/metrics/partner-events/extract.py
    deps:
    - path: scripts/metrics/partner-events/extract.py
      md5: c01bed454cfe108515c55281f14a03dc
      size: 1175
    outs:
    - path: working/metrics/partner-events/
      md5: 1c2472b06e3076a2d3cae8674e02b7b6.dir
      size: 2600
      nfiles: 1
  transform:
    cmd: PYTHONPATH=. python3 scripts/metrics/partner-events/transform.py
    deps:
    - path: scripts/metrics/partner-events/transform.py
      md5: 3d0d74551849953a93467423c92c3523
      size: 1763
    - path: working/metrics/partner-events/
      md5: 1c2472b06e3076a2d3cae8674e02b7b6.dir
      size: 2600
      nfiles: 1
    outs:
    - path: data/metrics/events/partner-events/events.csv
      md5: 7af31420cadcb57b53412359db0ae2f0
      size: 2392
  prepare:
    cmd: PYTHONPATH=. python3 scripts/metrics/partner-events/prepare.py
    deps:
    - path: data/metrics/events/partner-events/events.csv
      md5: 7af31420cadcb57b53412359db0ae2f0
      size: 2392
    - path: scripts/metrics/partner-events/prepare.py
      md5: 01650126007cf0dee0add624eeb20039
      size: 641
    outs:
    - path: docs/metrics/events/partner/_data/by_month.csv
      md5: afb4be79dcf463ff885e9d488f87ab90
      size: 148
    - path: docs/metrics/events/partner/_data/by_ward.csv
      md5: 454c0d1de3c9bd11ef4079eaaf233d6e
      size: 88
    - path: docs/metrics/events/partner/_data/headline.json
      md5: 4845285f06238156bdb5e7e4cf90d39e
      size: 1034
