schema: '2.0'
stages:
  extract:
    cmd: PYTHONPATH=. python3 scripts/metrics/partner-events/extract.py
    deps:
    - path: scripts/metrics/partner-events/extract.py
      hash: md5
      md5: 704faca13fe38c17f5c36cbdf8b0bd13
      size: 1418
    outs:
    - path: working/metrics/partner-events/
      hash: md5
      md5: 05ad1041bf28343ecea2ca23e692db76.dir
      size: 43185
      nfiles: 1
  transform:
    cmd: papermill transform.ipynb ../../../working/output/partner-events-transform.ipynb
    deps:
    - path: ../../../lib/util/geo.py
      hash: md5
      md5: 7903028dccc45f860ccc6eb52881bd9a
      size: 1614
    - path: ../../../working/metrics/partner-events/
      hash: md5
      md5: 05ad1041bf28343ecea2ca23e692db76.dir
      size: 43185
      nfiles: 1
    - path: transform.ipynb
      hash: md5
      md5: b5dbf6ad7b723f34dfd706c1be48cf95
      size: 32905
    outs:
    - path: ../../../data/metrics/events/partner-events/events.csv
      hash: md5
      md5: 4c9887233ab07875eb2e6fffa94a8a10
      size: 7901
  prepare:
    cmd: PYTHONPATH=. python3 scripts/metrics/partner-events/prepare.py
    deps:
    - path: data/metrics/events/partner-events/events.csv
      hash: md5
      md5: 4c9887233ab07875eb2e6fffa94a8a10
      size: 7901
    - path: scripts/metrics/partner-events/prepare.py
      hash: md5
      md5: a08bf989636b2661243db829be932bc1
      size: 1039
    outs:
    - path: docs/metrics/events/partner/_data/by_month.csv
      hash: md5
      md5: c9531e38cd7921090e52842b146c2c61
      size: 229
    - path: docs/metrics/events/partner/_data/by_ward.csv
      hash: md5
      md5: eebb28e48f907a728e2a80356b5af929
      size: 149
    - path: docs/metrics/events/partner/_data/headline.json
      hash: md5
      md5: bb33b364a062791d62aca21382e50f46
      size: 68
